<?xml version="1.0" encoding="utf-8"?>
<Project ToolsVersion="4.0" xmlns="http://schemas.microsoft.com/developer/msbuild/2003">
  <ItemGroup>
    <Filter Include="3dgp">
      <UniqueIdentifier>{5a355ca1-3044-4f2d-aaa4-ecd8839a51b3}</UniqueIdentifier>
    </Filter>
    <Filter Include="3dgp\Headers">
      <UniqueIdentifier>{d31e2c2d-1285-4529-aa61-9859db98a918}</UniqueIdentifier>
    </Filter>
    <Filter Include="3dgp\Sources">
      <UniqueIdentifier>{30de7a05-e2b1-4151-aed0-b07b0c6a8b90}</UniqueIdentifier>
    </Filter>
    <Filter Include="3dgp\Shaders">
      <UniqueIdentifier>{397adde1-c517-40ba-b183-09c79697aa8e}</UniqueIdentifier>
    </Filter>
    <Filter Include="Headers">
      <UniqueIdentifier>{93995380-89BD-4b04-88EB-625FBE52EBFB}</UniqueIdentifier>
      <Extensions>h;hh;hpp;hxx;hm;inl;inc;xsd</Extensions>
    </Filter>
    <Filter Include="Sources">
      <UniqueIdentifier>{4FC737F1-C7A5-4376-A066-2A32D752A2FF}</UniqueIdentifier>
      <Extensions>cpp;c;cc;cxx;def;odl;idl;hpj;bat;asm;asmx</Extensions>
    </Filter>
    <Filter Include="StageData">
      <UniqueIdentifier>{1581a8b6-6f4a-4a9d-a29f-1a92991b0700}</UniqueIdentifier>
    </Filter>
  </ItemGroup>
  <ItemGroup>
    <ClInclude Include="3dgp\3dgp_system.h">
      <Filter>3dgp\Headers</Filter>
    </ClInclude>
    <ClInclude Include="3dgp\blend.h">
      <Filter>3dgp\Headers</Filter>
    </ClInclude>
    <ClInclude Include="3dgp\framework.h">
      <Filter>3dgp\Headers</Filter>
    </ClInclude>
    <ClInclude Include="3dgp\high_resolution_timer.h">
      <Filter>3dgp\Headers</Filter>
    </ClInclude>
    <ClInclude Include="3dgp\mf_audio.h">
      <Filter>3dgp\Headers</Filter>
    </ClInclude>
    <ClInclude Include="3dgp\misc.h">
      <Filter>3dgp\Headers</Filter>
    </ClInclude>
    <ClInclude Include="3dgp\primitive3d.h">
      <Filter>3dgp\Headers</Filter>
    </ClInclude>
    <ClInclude Include="3dgp\resources_manager.h">
      <Filter>3dgp\Headers</Filter>
    </ClInclude>
    <ClInclude Include="3dgp\sprite.h">
      <Filter>3dgp\Headers</Filter>
    </ClInclude>
    <ClInclude Include="3dgp\sprite_string.h">
      <Filter>3dgp\Headers</Filter>
    </ClInclude>
    <ClInclude Include="3dgp\game_system.h">
      <Filter>3dgp</Filter>
    </ClInclude>
    <ClInclude Include="3dgp\render_target.h">
      <Filter>3dgp\Headers</Filter>
    </ClInclude>
    <ClInclude Include="scene_main.h">
      <Filter>Headers</Filter>
    </ClInclude>
    <ClInclude Include="scene_title.h">
      <Filter>Headers</Filter>
    </ClInclude>
    <ClInclude Include="book.h">
      <Filter>Headers</Filter>
    </ClInclude>
    <ClInclude Include="obj2d.h">
      <Filter>Headers</Filter>
    </ClInclude>
    <ClInclude Include="player.h">
      <Filter>Headers</Filter>
    </ClInclude>
    <ClInclude Include="sound_data.h">
      <Filter>Headers</Filter>
    </ClInclude>
    <ClInclude Include="tools.h">
      <Filter>Headers</Filter>
    </ClInclude>
    <ClInclude Include="3dgp\template.h">
      <Filter>3dgp\Headers</Filter>
    </ClInclude>
    <ClInclude Include="3dgp\scene.h">
      <Filter>3dgp\Headers</Filter>
    </ClInclude>
    <ClInclude Include="sprite_data.h">
      <Filter>Headers</Filter>
    </ClInclude>
    <ClInclude Include="game.h">
      <Filter>Headers</Filter>
    </ClInclude>
    <ClInclude Include="stage_data.h">
      <Filter>Headers</Filter>
    </ClInclude>
    <ClInclude Include="map_obj.h">
      <Filter>Headers</Filter>
    </ClInclude>
    <ClInclude Include="judge.h">
      <Filter>Headers</Filter>
    </ClInclude>
    <ClInclude Include="game_ui.h">
      <Filter>Headers</Filter>
    </ClInclude>
    <ClInclude Include="numbers.h">
      <Filter>Headers</Filter>
    </ClInclude>
    <ClInclude Include="effect.h">
      <Filter>Headers</Filter>
    </ClInclude>
    <ClInclude Include="paper.h">
      <Filter>Headers</Filter>
    </ClInclude>
  </ItemGroup>
  <ItemGroup>
    <ClCompile Include="3dgp\blend.cpp">
      <Filter>3dgp\Sources</Filter>
    </ClCompile>
    <ClCompile Include="3dgp\framework.cpp">
      <Filter>3dgp\Sources</Filter>
    </ClCompile>
    <ClCompile Include="3dgp\mf_audio.cpp">
      <Filter>3dgp\Sources</Filter>
    </ClCompile>
    <ClCompile Include="3dgp\primitive3d.cpp">
      <Filter>3dgp\Sources</Filter>
    </ClCompile>
    <ClCompile Include="3dgp\resources_manager.cpp">
      <Filter>3dgp\Sources</Filter>
    </ClCompile>
    <ClCompile Include="3dgp\sprite.cpp">
      <Filter>3dgp\Sources</Filter>
    </ClCompile>
    <ClCompile Include="3dgp\sprite_string.cpp">
      <Filter>3dgp\Sources</Filter>
    </ClCompile>
    <ClCompile Include="3dgp\main.cpp">
      <Filter>3dgp</Filter>
    </ClCompile>
    <ClCompile Include="3dgp\game_system.cpp">
      <Filter>3dgp</Filter>
    </ClCompile>
    <ClCompile Include="3dgp\render_target.cpp">
      <Filter>3dgp\Sources</Filter>
    </ClCompile>
    <ClCompile Include="scene_main.cpp">
      <Filter>Sources</Filter>
    </ClCompile>
    <ClCompile Include="scene_title.cpp">
      <Filter>Sources</Filter>
    </ClCompile>
    <ClCompile Include="book.cpp">
      <Filter>Sources</Filter>
    </ClCompile>
    <ClCompile Include="obj2d.cpp">
      <Filter>Sources</Filter>
    </ClCompile>
    <ClCompile Include="player.cpp">
      <Filter>Sources</Filter>
    </ClCompile>
    <ClCompile Include="sound_data.cpp">
      <Filter>Sources</Filter>
    </ClCompile>
    <ClCompile Include="sprite_data.cpp">
      <Filter>Sources</Filter>
    </ClCompile>
    <ClCompile Include="tools.cpp">
      <Filter>Sources</Filter>
    </ClCompile>
    <ClCompile Include="stage00_data.cpp">
      <Filter>Sources</Filter>
    </ClCompile>
    <ClCompile Include="map_obj.cpp">
      <Filter>Sources</Filter>
    </ClCompile>
    <ClCompile Include="judge.cpp">
      <Filter>Sources</Filter>
    </ClCompile>
    <ClCompile Include="game_ui.cpp">
      <Filter>Sources</Filter>
    </ClCompile>
    <ClCompile Include="numbers.cpp">
      <Filter>Sources</Filter>
    </ClCompile>
    <ClCompile Include="effect.cpp">
      <Filter>Sources</Filter>
    </ClCompile>
    <ClCompile Include="paper.cpp">
      <Filter>Sources</Filter>
    </ClCompile>
    <ClCompile Include="StageData\stage01_data.cpp">
      <Filter>StageData</Filter>
    </ClCompile>
    <ClCompile Include="StageData\stage02_data.cpp">
      <Filter>StageData</Filter>
    </ClCompile>
    <ClCompile Include="StageData\stage03_data.cpp">
      <Filter>StageData</Filter>
    </ClCompile>
    <ClCompile Include="StageData\stage04_data.cpp">
      <Filter>StageData</Filter>
    </ClCompile>
    <ClCompile Include="StageData\stage05_data.cpp">
      <Filter>StageData</Filter>
    </ClCompile>
    <ClCompile Include="StageData\stage06_data.cpp">
      <Filter>StageData</Filter>
    </ClCompile>
    <ClCompile Include="StageData\stage07_data.cpp">
      <Filter>StageData</Filter>
    </ClCompile>
    <ClCompile Include="StageData\stage08_data.cpp">
      <Filter>StageData</Filter>
    </ClCompile>
    <ClCompile Include="StageData\stage09_data.cpp">
      <Filter>StageData</Filter>
    </ClCompile>
    <ClCompile Include="StageData\stage10_data.cpp">
      <Filter>StageData</Filter>
    </ClCompile>
    <ClCompile Include="StageData\stage11_data.cpp">
      <Filter>StageData</Filter>
    </ClCompile>
    <ClCompile Include="StageData\stage12_data.cpp">
      <Filter>StageData</Filter>
    </ClCompile>
    <ClCompile Include="StageData\stage13_data.cpp">
      <Filter>StageData</Filter>
    </ClCompile>
    <ClCompile Include="StageData\stage14_data.cpp">
      <Filter>StageData</Filter>
    </ClCompile>
    <ClCompile Include="StageData\stage15_data.cpp">
      <Filter>StageData</Filter>
    </ClCompile>
    <ClCompile Include="StageData\stage16_data.cpp">
      <Filter>StageData</Filter>
    </ClCompile>
    <ClCompile Include="StageData\stage17_data.cpp">
      <Filter>StageData</Filter>
    </ClCompile>
    <ClCompile Include="StageData\stage18_data.cpp">
      <Filter>StageData</Filter>
    </ClCompile>
    <ClCompile Include="stage_select01_data.cpp">
      <Filter>Sources</Filter>
    </ClCompile>
    <ClCompile Include="stage_select00_data.cpp">
      <Filter>Sources</Filter>
    </ClCompile>
    <ClCompile Include="stage_intro01_data.cpp">
      <Filter>Sources</Filter>
    </ClCompile>
    <ClCompile Include="stage_intro02_data.cpp">
      <Filter>Sources</Filter>
    </ClCompile>
    <ClCompile Include="stage_intro03_data.cpp">
      <Filter>Sources</Filter>
    </ClCompile>
    <ClCompile Include="stage_intro04_data.cpp">
      <Filter>Sources</Filter>
    </ClCompile>
    <ClCompile Include="stage_intro05_data.cpp">
      <Filter>Sources</Filter>
    </ClCompile>
  </ItemGroup>
  <ItemGroup>
    <None Include="3dgp\primitive3d.hlsli">
      <Filter>3dgp\Shaders</Filter>
    </None>
    <None Include="3dgp\sprite_textureoff.hlsli">
      <Filter>3dgp\Shaders</Filter>
    </None>
    <None Include="3dgp\render_target.hlsli">
      <Filter>3dgp\Shaders</Filter>
    </None>
    <None Include="3dgp\sprite.hlsli">
      <Filter>3dgp\Shaders</Filter>
    </None>
  </ItemGroup>
  <ItemGroup>
    <FxCompile Include="3dgp\primitive3d_ps.hlsl">
      <Filter>3dgp\Shaders</Filter>
    </FxCompile>
    <FxCompile Include="3dgp\primitive3d_vs.hlsl">
      <Filter>3dgp\Shaders</Filter>
    </FxCompile>
    <FxCompile Include="3dgp\sprite_textureoff_ps.hlsl">
      <Filter>3dgp\Shaders</Filter>
    </FxCompile>
    <FxCompile Include="3dgp\sprite_textureoff_vs.hlsl">
      <Filter>3dgp\Shaders</Filter>
    </FxCompile>
    <FxCompile Include="3dgp\render_target_ps.hlsl">
      <Filter>3dgp\Shaders</Filter>
    </FxCompile>
    <FxCompile Include="3dgp\render_target_vs.hlsl">
      <Filter>3dgp\Shaders</Filter>
    </FxCompile>
    <FxCompile Include="3dgp\sprite_ps.hlsl">
      <Filter>3dgp\Shaders</Filter>
    </FxCompile>
    <FxCompile Include="3dgp\sprite_vs.hlsl">
      <Filter>3dgp\Shaders</Filter>
    </FxCompile>
    <FxCompile Include="3dgp\sprite3d_vs.hlsl">
      <Filter>3dgp\Shaders</Filter>
    </FxCompile>
  </ItemGroup>
</Project>